// !$*UTF8*$!
{
	archiveVersion = 1;
	classes = {
	};
	objectVersion = 56;
	objects = {

/* Begin PBXBuildFile section */
		C00E1BD72B7B3279003AC0BC /* 4-1.swift in Sources */ = {isa = PBXBuildFile; fileRef = C00E1BD62B7B3279003AC0BC /* 4-1.swift */; };
		C054A15E2B7C92280059E43D /* 1476.swift in Sources */ = {isa = PBXBuildFile; fileRef = C054A15D2B7C92280059E43D /* 1476.swift */; };
		C054A1602B7DE06F0059E43D /* 1260.swift in Sources */ = {isa = PBXBuildFile; fileRef = C054A15F2B7DE06F0059E43D /* 1260.swift */; };
		C06E8FD82BC0CD0F003D5B50 /* Test1.swift in Sources */ = {isa = PBXBuildFile; fileRef = C06E8FD72BC0CD0F003D5B50 /* Test1.swift */; };
		C06E8FDA2BC0D149003D5B50 /* Test2.swift in Sources */ = {isa = PBXBuildFile; fileRef = C06E8FD92BC0D148003D5B50 /* Test2.swift */; };
		C06E8FDC2BC0D532003D5B50 /* Test3.swift in Sources */ = {isa = PBXBuildFile; fileRef = C06E8FDB2BC0D532003D5B50 /* Test3.swift */; };
		C08053782B70B41C006AE327 /* 타겟넘버.swift in Sources */ = {isa = PBXBuildFile; fileRef = C08053772B70B41C006AE327 /* 타겟넘버.swift */; };
		C080537A2B71019F006AE327 /* 네트워크.swift in Sources */ = {isa = PBXBuildFile; fileRef = C08053792B71019F006AE327 /* 네트워크.swift */; };
		C080537D2B7386E7006AE327 /* Tving1.swift in Sources */ = {isa = PBXBuildFile; fileRef = C080537C2B7386E7006AE327 /* Tving1.swift */; };
		C080537F2B738F18006AE327 /* Tving2.swift in Sources */ = {isa = PBXBuildFile; fileRef = C080537E2B738F18006AE327 /* Tving2.swift */; };
		C08053812B7396E6006AE327 /* Tving3.swift in Sources */ = {isa = PBXBuildFile; fileRef = C08053802B7396E6006AE327 /* Tving3.swift */; };
		C0EB191729F69C4C00B0535D /* main.swift in Sources */ = {isa = PBXBuildFile; fileRef = C0EB191629F69C4C00B0535D /* main.swift */; };
		C0EB191F29F6ABFF00B0535D /* LeetCode2085.swift in Sources */ = {isa = PBXBuildFile; fileRef = C0EB191E29F6ABFF00B0535D /* LeetCode2085.swift */; };
		C0F2E4C52B6BBB7600B87C43 /* 체육복.swift in Sources */ = {isa = PBXBuildFile; fileRef = C0F2E4C42B6BBB7600B87C43 /* 체육복.swift */; };
		C0F2E4C72B6BDFA300B87C43 /* 조이스틱.swift in Sources */ = {isa = PBXBuildFile; fileRef = C0F2E4C62B6BDFA300B87C43 /* 조이스틱.swift */; };
/* End PBXBuildFile section */

/* Begin PBXCopyFilesBuildPhase section */
		C0EB191129F69C4C00B0535D /* CopyFiles */ = {
			isa = PBXCopyFilesBuildPhase;
			buildActionMask = 2147483647;
			dstPath = /usr/share/man/man1/;
			dstSubfolderSpec = 0;
			files = (
			);
			runOnlyForDeploymentPostprocessing = 1;
		};
/* End PBXCopyFilesBuildPhase section */

/* Begin PBXFileReference section */
		C00E1BD62B7B3279003AC0BC /* 4-1.swift */ = {isa = PBXFileReference; lastKnownFileType = sourcecode.swift; path = "4-1.swift"; sourceTree = "<group>"; };
		C054A15D2B7C92280059E43D /* 1476.swift */ = {isa = PBXFileReference; lastKnownFileType = sourcecode.swift; path = 1476.swift; sourceTree = "<group>"; };
		C054A15F2B7DE06F0059E43D /* 1260.swift */ = {isa = PBXFileReference; lastKnownFileType = sourcecode.swift; path = 1260.swift; sourceTree = "<group>"; };
		C06E8FD72BC0CD0F003D5B50 /* Test1.swift */ = {isa = PBXFileReference; lastKnownFileType = sourcecode.swift; path = Test1.swift; sourceTree = "<group>"; };
		C06E8FD92BC0D148003D5B50 /* Test2.swift */ = {isa = PBXFileReference; lastKnownFileType = sourcecode.swift; path = Test2.swift; sourceTree = "<group>"; };
		C06E8FDB2BC0D532003D5B50 /* Test3.swift */ = {isa = PBXFileReference; lastKnownFileType = sourcecode.swift; path = Test3.swift; sourceTree = "<group>"; };
		C08053772B70B41C006AE327 /* 타겟넘버.swift */ = {isa = PBXFileReference; lastKnownFileType = sourcecode.swift; path = "타겟넘버.swift"; sourceTree = "<group>"; };
		C08053792B71019F006AE327 /* 네트워크.swift */ = {isa = PBXFileReference; lastKnownFileType = sourcecode.swift; path = "네트워크.swift"; sourceTree = "<group>"; };
		C080537C2B7386E7006AE327 /* Tving1.swift */ = {isa = PBXFileReference; lastKnownFileType = sourcecode.swift; path = Tving1.swift; sourceTree = "<group>"; };
		C080537E2B738F18006AE327 /* Tving2.swift */ = {isa = PBXFileReference; lastKnownFileType = sourcecode.swift; path = Tving2.swift; sourceTree = "<group>"; };
		C08053802B7396E6006AE327 /* Tving3.swift */ = {isa = PBXFileReference; lastKnownFileType = sourcecode.swift; path = Tving3.swift; sourceTree = "<group>"; };
		C0EB191329F69C4C00B0535D /* CodingTest */ = {isa = PBXFileReference; explicitFileType = "compiled.mach-o.executable"; includeInIndex = 0; path = CodingTest; sourceTree = BUILT_PRODUCTS_DIR; };
		C0EB191629F69C4C00B0535D /* main.swift */ = {isa = PBXFileReference; lastKnownFileType = sourcecode.swift; path = main.swift; sourceTree = "<group>"; };
		C0EB191E29F6ABFF00B0535D /* LeetCode2085.swift */ = {isa = PBXFileReference; lastKnownFileType = sourcecode.swift; path = LeetCode2085.swift; sourceTree = "<group>"; };
		C0F2E4C42B6BBB7600B87C43 /* 체육복.swift */ = {isa = PBXFileReference; lastKnownFileType = sourcecode.swift; path = "체육복.swift"; sourceTree = "<group>"; };
		C0F2E4C62B6BDFA300B87C43 /* 조이스틱.swift */ = {isa = PBXFileReference; lastKnownFileType = sourcecode.swift; path = "조이스틱.swift"; sourceTree = "<group>"; };
/* End PBXFileReference section */

/* Begin PBXFrameworksBuildPhase section */
		C0EB191029F69C4C00B0535D /* Frameworks */ = {
			isa = PBXFrameworksBuildPhase;
			buildActionMask = 2147483647;
			files = (
			);
			runOnlyForDeploymentPostprocessing = 0;
		};
/* End PBXFrameworksBuildPhase section */

/* Begin PBXGroup section */
		C00E1BD42B7B3252003AC0BC /* ThisIsCodingTestForJobs */ = {
			isa = PBXGroup;
			children = (
				C00E1BD52B7B326C003AC0BC /* 4 */,
			);
			path = ThisIsCodingTestForJobs;
			sourceTree = "<group>";
		};
		C00E1BD52B7B326C003AC0BC /* 4 */ = {
			isa = PBXGroup;
			children = (
				C00E1BD62B7B3279003AC0BC /* 4-1.swift */,
			);
			path = 4;
			sourceTree = "<group>";
		};
		C054A15C2B7C92120059E43D /* BaekJoon */ = {
			isa = PBXGroup;
			children = (
				C054A15D2B7C92280059E43D /* 1476.swift */,
				C054A15F2B7DE06F0059E43D /* 1260.swift */,
			);
			path = BaekJoon;
			sourceTree = "<group>";
		};
		C06E8FD62BC0CCFF003D5B50 /* EbayJapen */ = {
			isa = PBXGroup;
			children = (
				C06E8FD72BC0CD0F003D5B50 /* Test1.swift */,
				C06E8FD92BC0D148003D5B50 /* Test2.swift */,
				C06E8FDB2BC0D532003D5B50 /* Test3.swift */,
			);
			path = EbayJapen;
			sourceTree = "<group>";
		};
		C080537B2B7386D7006AE327 /* Tving */ = {
			isa = PBXGroup;
			children = (
				C080537C2B7386E7006AE327 /* Tving1.swift */,
				C080537E2B738F18006AE327 /* Tving2.swift */,
				C08053802B7396E6006AE327 /* Tving3.swift */,
			);
			path = Tving;
			sourceTree = "<group>";
		};
		C0EB190A29F69C4C00B0535D = {
			isa = PBXGroup;
			children = (
				C06E8FD62BC0CCFF003D5B50 /* EbayJapen */,
				C054A15C2B7C92120059E43D /* BaekJoon */,
				C00E1BD42B7B3252003AC0BC /* ThisIsCodingTestForJobs */,
				C080537B2B7386D7006AE327 /* Tving */,
				C0F2E4C32B6BBB5900B87C43 /* Progreammers */,
				C0EB191D29F69C6E00B0535D /* LeetCode */,
				C0EB191529F69C4C00B0535D /* CodingTest */,
				C0EB191429F69C4C00B0535D /* Products */,
			);
			sourceTree = "<group>";
		};
		C0EB191429F69C4C00B0535D /* Products */ = {
			isa = PBXGroup;
			children = (
				C0EB191329F69C4C00B0535D /* CodingTest */,
			);
			name = Products;
			sourceTree = "<group>";
		};
		C0EB191529F69C4C00B0535D /* CodingTest */ = {
			isa = PBXGroup;
			children = (
				C0EB191629F69C4C00B0535D /* main.swift */,
			);
			path = CodingTest;
			sourceTree = "<group>";
		};
		C0EB191D29F69C6E00B0535D /* LeetCode */ = {
			isa = PBXGroup;
			children = (
				C0EB191E29F6ABFF00B0535D /* LeetCode2085.swift */,
			);
			path = LeetCode;
			sourceTree = "<group>";
		};
		C0F2E4C32B6BBB5900B87C43 /* Progreammers */ = {
			isa = PBXGroup;
			children = (
				C0F2E4C42B6BBB7600B87C43 /* 체육복.swift */,
				C0F2E4C62B6BDFA300B87C43 /* 조이스틱.swift */,
				C08053772B70B41C006AE327 /* 타겟넘버.swift */,
				C08053792B71019F006AE327 /* 네트워크.swift */,
			);
			path = Progreammers;
			sourceTree = "<group>";
		};
/* End PBXGroup section */

/* Begin PBXNativeTarget section */
		C0EB191229F69C4C00B0535D /* CodingTest */ = {
			isa = PBXNativeTarget;
			buildConfigurationList = C0EB191A29F69C4C00B0535D /* Build configuration list for PBXNativeTarget "CodingTest" */;
			buildPhases = (
				C0EB190F29F69C4C00B0535D /* Sources */,
				C0EB191029F69C4C00B0535D /* Frameworks */,
				C0EB191129F69C4C00B0535D /* CopyFiles */,
			);
			buildRules = (
			);
			dependencies = (
			);
			name = CodingTest;
			productName = CodingTest;
			productReference = C0EB191329F69C4C00B0535D /* CodingTest */;
			productType = "com.apple.product-type.tool";
		};
/* End PBXNativeTarget section */

/* Begin PBXProject section */
		C0EB190B29F69C4C00B0535D /* Project object */ = {
			isa = PBXProject;
			attributes = {
				BuildIndependentTargetsInParallel = 1;
				LastSwiftUpdateCheck = 1420;
				LastUpgradeCheck = 1520;
				TargetAttributes = {
					C0EB191229F69C4C00B0535D = {
						CreatedOnToolsVersion = 14.2;
					};
				};
			};
			buildConfigurationList = C0EB190E29F69C4C00B0535D /* Build configuration list for PBXProject "CodingTest" */;
			compatibilityVersion = "Xcode 14.0";
			developmentRegion = en;
			hasScannedForEncodings = 0;
			knownRegions = (
				en,
				Base,
			);
			mainGroup = C0EB190A29F69C4C00B0535D;
			productRefGroup = C0EB191429F69C4C00B0535D /* Products */;
			projectDirPath = "";
			projectRoot = "";
			targets = (
				C0EB191229F69C4C00B0535D /* CodingTest */,
			);
		};
/* End PBXProject section */

/* Begin PBXSourcesBuildPhase section */
		C0EB190F29F69C4C00B0535D /* Sources */ = {
			isa = PBXSourcesBuildPhase;
			buildActionMask = 2147483647;
			files = (
				C080537D2B7386E7006AE327 /* Tving1.swift in Sources */,
				C080537F2B738F18006AE327 /* Tving2.swift in Sources */,
				C0F2E4C72B6BDFA300B87C43 /* 조이스틱.swift in Sources */,
				C054A15E2B7C92280059E43D /* 1476.swift in Sources */,
				C08053782B70B41C006AE327 /* 타겟넘버.swift in Sources */,
				C0EB191729F69C4C00B0535D /* main.swift in Sources */,
				C0EB191F29F6ABFF00B0535D /* LeetCode2085.swift in Sources */,
				C00E1BD72B7B3279003AC0BC /* 4-1.swift in Sources */,
				C06E8FDA2BC0D149003D5B50 /* Test2.swift in Sources */,
				C06E8FDC2BC0D532003D5B50 /* Test3.swift in Sources */,
				C080537A2B71019F006AE327 /* 네트워크.swift in Sources */,
				C06E8FD82BC0CD0F003D5B50 /* Test1.swift in Sources */,
				C08053812B7396E6006AE327 /* Tving3.swift in Sources */,
				C054A1602B7DE06F0059E43D /* 1260.swift in Sources */,
				C0F2E4C52B6BBB7600B87C43 /* 체육복.swift in Sources */,
			);
			runOnlyForDeploymentPostprocessing = 0;
		};
/* End PBXSourcesBuildPhase section */

/* Begin XCBuildConfiguration section */
		C0EB191829F69C4C00B0535D /* Debug */ = {
			isa = XCBuildConfiguration;
			buildSettings = {
				ALWAYS_SEARCH_USER_PATHS = NO;
				CLANG_ANALYZER_NONNULL = YES;
				CLANG_ANALYZER_NUMBER_OBJECT_CONVERSION = YES_AGGRESSIVE;
				CLANG_CXX_LANGUAGE_STANDARD = "gnu++20";
				CLANG_ENABLE_MODULES = YES;
				CLANG_ENABLE_OBJC_ARC = YES;
				CLANG_ENABLE_OBJC_WEAK = YES;
				CLANG_WARN_BLOCK_CAPTURE_AUTORELEASING = YES;
				CLANG_WARN_BOOL_CONVERSION = YES;
				CLANG_WARN_COMMA = YES;
				CLANG_WARN_CONSTANT_CONVERSION = YES;
				CLANG_WARN_DEPRECATED_OBJC_IMPLEMENTATIONS = YES;
				CLANG_WARN_DIRECT_OBJC_ISA_USAGE = YES_ERROR;
				CLANG_WARN_DOCUMENTATION_COMMENTS = YES;
				CLANG_WARN_EMPTY_BODY = YES;
				CLANG_WARN_ENUM_CONVERSION = YES;
				CLANG_WARN_INFINITE_RECURSION = YES;
				CLANG_WARN_INT_CONVERSION = YES;
				CLANG_WARN_NON_LITERAL_NULL_CONVERSION = YES;
				CLANG_WARN_OBJC_IMPLICIT_RETAIN_SELF = YES;
				CLANG_WARN_OBJC_LITERAL_CONVERSION = YES;
				CLANG_WARN_OBJC_ROOT_CLASS = YES_ERROR;
				CLANG_WARN_QUOTED_INCLUDE_IN_FRAMEWORK_HEADER = YES;
				CLANG_WARN_RANGE_LOOP_ANALYSIS = YES;
				CLANG_WARN_STRICT_PROTOTYPES = YES;
				CLANG_WARN_SUSPICIOUS_MOVE = YES;
				CLANG_WARN_UNGUARDED_AVAILABILITY = YES_AGGRESSIVE;
				CLANG_WARN_UNREACHABLE_CODE = YES;
				CLANG_WARN__DUPLICATE_METHOD_MATCH = YES;
				COPY_PHASE_STRIP = NO;
				DEAD_CODE_STRIPPING = YES;
				DEBUG_INFORMATION_FORMAT = dwarf;
				ENABLE_STRICT_OBJC_MSGSEND = YES;
				ENABLE_TESTABILITY = YES;
				ENABLE_USER_SCRIPT_SANDBOXING = YES;
				GCC_C_LANGUAGE_STANDARD = gnu11;
				GCC_DYNAMIC_NO_PIC = NO;
				GCC_NO_COMMON_BLOCKS = YES;
				GCC_OPTIMIZATION_LEVEL = 0;
				GCC_PREPROCESSOR_DEFINITIONS = (
					"DEBUG=1",
					"$(inherited)",
				);
				GCC_WARN_64_TO_32_BIT_CONVERSION = YES;
				GCC_WARN_ABOUT_RETURN_TYPE = YES_ERROR;
				GCC_WARN_UNDECLARED_SELECTOR = YES;
				GCC_WARN_UNINITIALIZED_AUTOS = YES_AGGRESSIVE;
				GCC_WARN_UNUSED_FUNCTION = YES;
				GCC_WARN_UNUSED_VARIABLE = YES;
				MACOSX_DEPLOYMENT_TARGET = 12.5;
				MTL_ENABLE_DEBUG_INFO = INCLUDE_SOURCE;
				MTL_FAST_MATH = YES;
				ONLY_ACTIVE_ARCH = YES;
				SDKROOT = macosx;
				SWIFT_ACTIVE_COMPILATION_CONDITIONS = DEBUG;
				SWIFT_OPTIMIZATION_LEVEL = "-Onone";
			};
			name = Debug;
		};
		C0EB191929F69C4C00B0535D /* Release */ = {
			isa = XCBuildConfiguration;
			buildSettings = {
				ALWAYS_SEARCH_USER_PATHS = NO;
				CLANG_ANALYZER_NONNULL = YES;
				CLANG_ANALYZER_NUMBER_OBJECT_CONVERSION = YES_AGGRESSIVE;
				CLANG_CXX_LANGUAGE_STANDARD = "gnu++20";
				CLANG_ENABLE_MODULES = YES;
				CLANG_ENABLE_OBJC_ARC = YES;
				CLANG_ENABLE_OBJC_WEAK = YES;
				CLANG_WARN_BLOCK_CAPTURE_AUTORELEASING = YES;
				CLANG_WARN_BOOL_CONVERSION = YES;
				CLANG_WARN_COMMA = YES;
				CLANG_WARN_CONSTANT_CONVERSION = YES;
				CLANG_WARN_DEPRECATED_OBJC_IMPLEMENTATIONS = YES;
				CLANG_WARN_DIRECT_OBJC_ISA_USAGE = YES_ERROR;
				CLANG_WARN_DOCUMENTATION_COMMENTS = YES;
				CLANG_WARN_EMPTY_BODY = YES;
				CLANG_WARN_ENUM_CONVERSION = YES;
				CLANG_WARN_INFINITE_RECURSION = YES;
				CLANG_WARN_INT_CONVERSION = YES;
				CLANG_WARN_NON_LITERAL_NULL_CONVERSION = YES;
				CLANG_WARN_OBJC_IMPLICIT_RETAIN_SELF = YES;
				CLANG_WARN_OBJC_LITERAL_CONVERSION = YES;
				CLANG_WARN_OBJC_ROOT_CLASS = YES_ERROR;
				CLANG_WARN_QUOTED_INCLUDE_IN_FRAMEWORK_HEADER = YES;
				CLANG_WARN_RANGE_LOOP_ANALYSIS = YES;
				CLANG_WARN_STRICT_PROTOTYPES = YES;
				CLANG_WARN_SUSPICIOUS_MOVE = YES;
				CLANG_WARN_UNGUARDED_AVAILABILITY = YES_AGGRESSIVE;
				CLANG_WARN_UNREACHABLE_CODE = YES;
				CLANG_WARN__DUPLICATE_METHOD_MATCH = YES;
				COPY_PHASE_STRIP = NO;
				DEAD_CODE_STRIPPING = YES;
				DEBUG_INFORMATION_FORMAT = "dwarf-with-dsym";
				ENABLE_NS_ASSERTIONS = NO;
				ENABLE_STRICT_OBJC_MSGSEND = YES;
				ENABLE_USER_SCRIPT_SANDBOXING = YES;
				GCC_C_LANGUAGE_STANDARD = gnu11;
				GCC_NO_COMMON_BLOCKS = YES;
				GCC_WARN_64_TO_32_BIT_CONVERSION = YES;
				GCC_WARN_ABOUT_RETURN_TYPE = YES_ERROR;
				GCC_WARN_UNDECLARED_SELECTOR = YES;
				GCC_WARN_UNINITIALIZED_AUTOS = YES_AGGRESSIVE;
				GCC_WARN_UNUSED_FUNCTION = YES;
				GCC_WARN_UNUSED_VARIABLE = YES;
				MACOSX_DEPLOYMENT_TARGET = 12.5;
				MTL_ENABLE_DEBUG_INFO = NO;
				MTL_FAST_MATH = YES;
				SDKROOT = macosx;
				SWIFT_COMPILATION_MODE = wholemodule;
				SWIFT_OPTIMIZATION_LEVEL = "-O";
			};
			name = Release;
		};
		C0EB191B29F69C4C00B0535D /* Debug */ = {
			isa = XCBuildConfiguration;
			buildSettings = {
				CODE_SIGN_STYLE = Automatic;
				DEAD_CODE_STRIPPING = YES;
				DEVELOPMENT_TEAM = U77SWC9NZT;
				ENABLE_HARDENED_RUNTIME = YES;
				PRODUCT_NAME = "$(TARGET_NAME)";
				SWIFT_VERSION = 5.0;
			};
			name = Debug;
		};
		C0EB191C29F69C4C00B0535D /* Release */ = {
			isa = XCBuildConfiguration;
			buildSettings = {
				CODE_SIGN_STYLE = Automatic;
				DEAD_CODE_STRIPPING = YES;
				DEVELOPMENT_TEAM = U77SWC9NZT;
				ENABLE_HARDENED_RUNTIME = YES;
				PRODUCT_NAME = "$(TARGET_NAME)";
				SWIFT_VERSION = 5.0;
			};
			name = Release;
		};
/* End XCBuildConfiguration section */

/* Begin XCConfigurationList section */
		C0EB190E29F69C4C00B0535D /* Build configuration list for PBXProject "CodingTest" */ = {
			isa = XCConfigurationList;
			buildConfigurations = (
				C0EB191829F69C4C00B0535D /* Debug */,
				C0EB191929F69C4C00B0535D /* Release */,
			);
			defaultConfigurationIsVisible = 0;
			defaultConfigurationName = Release;
		};
		C0EB191A29F69C4C00B0535D /* Build configuration list for PBXNativeTarget "CodingTest" */ = {
			isa = XCConfigurationList;
			buildConfigurations = (
				C0EB191B29F69C4C00B0535D /* Debug */,
				C0EB191C29F69C4C00B0535D /* Release */,
			);
			defaultConfigurationIsVisible = 0;
			defaultConfigurationName = Release;
		};
/* End XCConfigurationList section */
	};
	rootObject = C0EB190B29F69C4C00B0535D /* Project object */;
}
